// !$*UTF8*$!
{
	archiveVersion = 1;
	classes = {
	};
	objectVersion = 77;
	objects = {

/* Begin PBXBuildFile section */
		559FAC882DA9CD4900593577 /* SpamCallDirectoryExtension.appex in Embed Foundation Extensions */ = {isa = PBXBuildFile; fileRef = 559FAC812DA9CD4900593577 /* SpamCallDirectoryExtension.appex */; settings = {ATTRIBUTES = (RemoveHeadersOnCopy, ); }; };
/* End PBXBuildFile section */

/* Begin PBXContainerItemProxy section */
		559FAC512DA9C43800593577 /* PBXContainerItemProxy */ = {
			isa = PBXContainerItemProxy;
			containerPortal = 559FAC382DA9C43700593577 /* Project object */;
			proxyType = 1;
			remoteGlobalIDString = 559FAC3F2DA9C43700593577;
			remoteInfo = NoSpamCall;
		};
		559FAC5B2DA9C43800593577 /* PBXContainerItemProxy */ = {
			isa = PBXContainerItemProxy;
			containerPortal = 559FAC382DA9C43700593577 /* Project object */;
			proxyType = 1;
			remoteGlobalIDString = 559FAC3F2DA9C43700593577;
			remoteInfo = NoSpamCall;
		};
		559FAC862DA9CD4900593577 /* PBXContainerItemProxy */ = {
			isa = PBXContainerItemProxy;
			containerPortal = 559FAC382DA9C43700593577 /* Project object */;
			proxyType = 1;
			remoteGlobalIDString = 559FAC802DA9CD4900593577;
			remoteInfo = SpamCallDirectoryExtension;
		};
/* End PBXContainerItemProxy section */

/* Begin PBXCopyFilesBuildPhase section */
		559FAC892DA9CD4900593577 /* Embed Foundation Extensions */ = {
			isa = PBXCopyFilesBuildPhase;
			buildActionMask = 2147483647;
			dstPath = "";
			dstSubfolderSpec = 13;
			files = (
				559FAC882DA9CD4900593577 /* SpamCallDirectoryExtension.appex in Embed Foundation Extensions */,
			);
			name = "Embed Foundation Extensions";
			runOnlyForDeploymentPostprocessing = 0;
		};
/* End PBXCopyFilesBuildPhase section */

/* Begin PBXFileReference section */
		559FAC402DA9C43700593577 /* NoSpamCall.app */ = {isa = PBXFileReference; explicitFileType = wrapper.application; includeInIndex = 0; path = NoSpamCall.app; sourceTree = BUILT_PRODUCTS_DIR; };
		559FAC502DA9C43800593577 /* NoSpamCallTests.xctest */ = {isa = PBXFileReference; explicitFileType = wrapper.cfbundle; includeInIndex = 0; path = NoSpamCallTests.xctest; sourceTree = BUILT_PRODUCTS_DIR; };
		559FAC5A2DA9C43800593577 /* NoSpamCallUITests.xctest */ = {isa = PBXFileReference; explicitFileType = wrapper.cfbundle; includeInIndex = 0; path = NoSpamCallUITests.xctest; sourceTree = BUILT_PRODUCTS_DIR; };
		559FAC812DA9CD4900593577 /* SpamCallDirectoryExtension.appex */ = {isa = PBXFileReference; explicitFileType = "wrapper.app-extension"; includeInIndex = 0; path = SpamCallDirectoryExtension.appex; sourceTree = BUILT_PRODUCTS_DIR; };
/* End PBXFileReference section */

/* Begin PBXFileSystemSynchronizedBuildFileExceptionSet section */
		559FAC8C2DA9CD4900593577 /* Exceptions for "SpamCallDirectoryExtension" folder in "SpamCallDirectoryExtension" target */ = {
			isa = PBXFileSystemSynchronizedBuildFileExceptionSet;
			membershipExceptions = (
				Info.plist,
			);
			target = 559FAC802DA9CD4900593577 /* SpamCallDirectoryExtension */;
		};
/* End PBXFileSystemSynchronizedBuildFileExceptionSet section */

/* Begin PBXFileSystemSynchronizedRootGroup section */
		559FAC422DA9C43700593577 /* NoSpamCall */ = {
			isa = PBXFileSystemSynchronizedRootGroup;
			path = NoSpamCall;
			sourceTree = "<group>";
		};
		559FAC532DA9C43800593577 /* NoSpamCallTests */ = {
			isa = PBXFileSystemSynchronizedRootGroup;
			path = NoSpamCallTests;
			sourceTree = "<group>";
		};
		559FAC5D2DA9C43800593577 /* NoSpamCallUITests */ = {
			isa = PBXFileSystemSynchronizedRootGroup;
			path = NoSpamCallUITests;
			sourceTree = "<group>";
		};
		559FAC822DA9CD4900593577 /* SpamCallDirectoryExtension */ = {
			isa = PBXFileSystemSynchronizedRootGroup;
			exceptions = (
				559FAC8C2DA9CD4900593577 /* Exceptions for "SpamCallDirectoryExtension" folder in "SpamCallDirectoryExtension" target */,
			);
			path = SpamCallDirectoryExtension;
			sourceTree = "<group>";
		};
/* End PBXFileSystemSynchronizedRootGroup section */

/* Begin PBXFrameworksBuildPhase section */
		559FAC3D2DA9C43700593577 /* Frameworks */ = {
			isa = PBXFrameworksBuildPhase;
			buildActionMask = 2147483647;
			files = (
			);
			runOnlyForDeploymentPostprocessing = 0;
		};
		559FAC4D2DA9C43800593577 /* Frameworks */ = {
			isa = PBXFrameworksBuildPhase;
			buildActionMask = 2147483647;
			files = (
			);
			runOnlyForDeploymentPostprocessing = 0;
		};
		559FAC572DA9C43800593577 /* Frameworks */ = {
			isa = PBXFrameworksBuildPhase;
			buildActionMask = 2147483647;
			files = (
			);
			runOnlyForDeploymentPostprocessing = 0;
		};
		559FAC7E2DA9CD4900593577 /* Frameworks */ = {
			isa = PBXFrameworksBuildPhase;
			buildActionMask = 2147483647;
			files = (
			);
			runOnlyForDeploymentPostprocessing = 0;
		};
/* End PBXFrameworksBuildPhase section */

/* Begin PBXGroup section */
		559FAC372DA9C43700593577 = {
			isa = PBXGroup;
			children = (
				559FAC422DA9C43700593577 /* NoSpamCall */,
				559FAC532DA9C43800593577 /* NoSpamCallTests */,
				559FAC5D2DA9C43800593577 /* NoSpamCallUITests */,
				559FAC822DA9CD4900593577 /* SpamCallDirectoryExtension */,
				559FAC412DA9C43700593577 /* Products */,
			);
			sourceTree = "<group>";
		};
		559FAC412DA9C43700593577 /* Products */ = {
			isa = PBXGroup;
			children = (
				559FAC402DA9C43700593577 /* NoSpamCall.app */,
				559FAC502DA9C43800593577 /* NoSpamCallTests.xctest */,
				559FAC5A2DA9C43800593577 /* NoSpamCallUITests.xctest */,
				559FAC812DA9CD4900593577 /* SpamCallDirectoryExtension.appex */,
			);
			name = Products;
			sourceTree = "<group>";
		};
/* End PBXGroup section */

/* Begin PBXNativeTarget section */
		559FAC3F2DA9C43700593577 /* NoSpamCall */ = {
			isa = PBXNativeTarget;
			buildConfigurationList = 559FAC642DA9C43800593577 /* Build configuration list for PBXNativeTarget "NoSpamCall" */;
			buildPhases = (
				559FAC3C2DA9C43700593577 /* Sources */,
				559FAC3D2DA9C43700593577 /* Frameworks */,
				559FAC3E2DA9C43700593577 /* Resources */,
				559FAC892DA9CD4900593577 /* Embed Foundation Extensions */,
			);
			buildRules = (
			);
			dependencies = (
				559FAC872DA9CD4900593577 /* PBXTargetDependency */,
			);
			fileSystemSynchronizedGroups = (
				559FAC422DA9C43700593577 /* NoSpamCall */,
			);
			name = NoSpamCall;
			packageProductDependencies = (
			);
			productName = NoSpamCall;
			productReference = 559FAC402DA9C43700593577 /* NoSpamCall.app */;
			productType = "com.apple.product-type.application";
		};
		559FAC4F2DA9C43800593577 /* NoSpamCallTests */ = {
			isa = PBXNativeTarget;
			buildConfigurationList = 559FAC672DA9C43800593577 /* Build configuration list for PBXNativeTarget "NoSpamCallTests" */;
			buildPhases = (
				559FAC4C2DA9C43800593577 /* Sources */,
				559FAC4D2DA9C43800593577 /* Frameworks */,
				559FAC4E2DA9C43800593577 /* Resources */,
			);
			buildRules = (
			);
			dependencies = (
				559FAC522DA9C43800593577 /* PBXTargetDependency */,
			);
			fileSystemSynchronizedGroups = (
				559FAC532DA9C43800593577 /* NoSpamCallTests */,
			);
			name = NoSpamCallTests;
			packageProductDependencies = (
			);
			productName = NoSpamCallTests;
			productReference = 559FAC502DA9C43800593577 /* NoSpamCallTests.xctest */;
			productType = "com.apple.product-type.bundle.unit-test";
		};
		559FAC592DA9C43800593577 /* NoSpamCallUITests */ = {
			isa = PBXNativeTarget;
			buildConfigurationList = 559FAC6A2DA9C43800593577 /* Build configuration list for PBXNativeTarget "NoSpamCallUITests" */;
			buildPhases = (
				559FAC562DA9C43800593577 /* Sources */,
				559FAC572DA9C43800593577 /* Frameworks */,
				559FAC582DA9C43800593577 /* Resources */,
			);
			buildRules = (
			);
			dependencies = (
				559FAC5C2DA9C43800593577 /* PBXTargetDependency */,
			);
			fileSystemSynchronizedGroups = (
				559FAC5D2DA9C43800593577 /* NoSpamCallUITests */,
			);
			name = NoSpamCallUITests;
			packageProductDependencies = (
			);
			productName = NoSpamCallUITests;
			productReference = 559FAC5A2DA9C43800593577 /* NoSpamCallUITests.xctest */;
			productType = "com.apple.product-type.bundle.ui-testing";
		};
		559FAC802DA9CD4900593577 /* SpamCallDirectoryExtension */ = {
			isa = PBXNativeTarget;
			buildConfigurationList = 559FAC8D2DA9CD4900593577 /* Build configuration list for PBXNativeTarget "SpamCallDirectoryExtension" */;
			buildPhases = (
				559FAC7D2DA9CD4900593577 /* Sources */,
				559FAC7E2DA9CD4900593577 /* Frameworks */,
				559FAC7F2DA9CD4900593577 /* Resources */,
			);
			buildRules = (
			);
			dependencies = (
			);
			fileSystemSynchronizedGroups = (
				559FAC822DA9CD4900593577 /* SpamCallDirectoryExtension */,
			);
			name = SpamCallDirectoryExtension;
			packageProductDependencies = (
			);
			productName = SpamCallDirectoryExtension;
			productReference = 559FAC812DA9CD4900593577 /* SpamCallDirectoryExtension.appex */;
			productType = "com.apple.product-type.app-extension";
		};
/* End PBXNativeTarget section */

/* Begin PBXProject section */
		559FAC382DA9C43700593577 /* Project object */ = {
			isa = PBXProject;
			attributes = {
				BuildIndependentTargetsInParallel = 1;
				LastSwiftUpdateCheck = 1600;
				LastUpgradeCheck = 1600;
				TargetAttributes = {
					559FAC3F2DA9C43700593577 = {
						CreatedOnToolsVersion = 16.0;
					};
					559FAC4F2DA9C43800593577 = {
						CreatedOnToolsVersion = 16.0;
						TestTargetID = 559FAC3F2DA9C43700593577;
					};
					559FAC592DA9C43800593577 = {
						CreatedOnToolsVersion = 16.0;
						TestTargetID = 559FAC3F2DA9C43700593577;
					};
					559FAC802DA9CD4900593577 = {
						CreatedOnToolsVersion = 16.0;
					};
				};
			};
			buildConfigurationList = 559FAC3B2DA9C43700593577 /* Build configuration list for PBXProject "NoSpamCall" */;
			developmentRegion = en;
			hasScannedForEncodings = 0;
			knownRegions = (
				en,
				Base,
			);
			mainGroup = 559FAC372DA9C43700593577;
			minimizedProjectReferenceProxies = 1;
			preferredProjectObjectVersion = 77;
			productRefGroup = 559FAC412DA9C43700593577 /* Products */;
			projectDirPath = "";
			projectRoot = "";
			targets = (
				559FAC3F2DA9C43700593577 /* NoSpamCall */,
				559FAC4F2DA9C43800593577 /* NoSpamCallTests */,
				559FAC592DA9C43800593577 /* NoSpamCallUITests */,
				559FAC802DA9CD4900593577 /* SpamCallDirectoryExtension */,
			);
		};
/* End PBXProject section */

/* Begin PBXResourcesBuildPhase section */
		559FAC3E2DA9C43700593577 /* Resources */ = {
			isa = PBXResourcesBuildPhase;
			buildActionMask = 2147483647;
			files = (
			);
			runOnlyForDeploymentPostprocessing = 0;
		};
		559FAC4E2DA9C43800593577 /* Resources */ = {
			isa = PBXResourcesBuildPhase;
			buildActionMask = 2147483647;
			files = (
			);
			runOnlyForDeploymentPostprocessing = 0;
		};
		559FAC582DA9C43800593577 /* Resources */ = {
			isa = PBXResourcesBuildPhase;
			buildActionMask = 2147483647;
			files = (
			);
			runOnlyForDeploymentPostprocessing = 0;
		};
		559FAC7F2DA9CD4900593577 /* Resources */ = {
			isa = PBXResourcesBuildPhase;
			buildActionMask = 2147483647;
			files = (
			);
			runOnlyForDeploymentPostprocessing = 0;
		};
/* End PBXResourcesBuildPhase section */

/* Begin PBXSourcesBuildPhase section */
		559FAC3C2DA9C43700593577 /* Sources */ = {
			isa = PBXSourcesBuildPhase;
			buildActionMask = 2147483647;
			files = (
			);
			runOnlyForDeploymentPostprocessing = 0;
		};
		559FAC4C2DA9C43800593577 /* Sources */ = {
			isa = PBXSourcesBuildPhase;
			buildActionMask = 2147483647;
			files = (
			);
			runOnlyForDeploymentPostprocessing = 0;
		};
		559FAC562DA9C43800593577 /* Sources */ = {
			isa = PBXSourcesBuildPhase;
			buildActionMask = 2147483647;
			files = (
			);
			runOnlyForDeploymentPostprocessing = 0;
		};
		559FAC7D2DA9CD4900593577 /* Sources */ = {
			isa = PBXSourcesBuildPhase;
			buildActionMask = 2147483647;
			files = (
			);
			runOnlyForDeploymentPostprocessing = 0;
		};
/* End PBXSourcesBuildPhase section */

/* Begin PBXTargetDependency section */
		559FAC522DA9C43800593577 /* PBXTargetDependency */ = {
			isa = PBXTargetDependency;
			target = 559FAC3F2DA9C43700593577 /* NoSpamCall */;
			targetProxy = 559FAC512DA9C43800593577 /* PBXContainerItemProxy */;
		};
		559FAC5C2DA9C43800593577 /* PBXTargetDependency */ = {
			isa = PBXTargetDependency;
			target = 559FAC3F2DA9C43700593577 /* NoSpamCall */;
			targetProxy = 559FAC5B2DA9C43800593577 /* PBXContainerItemProxy */;
		};
		559FAC872DA9CD4900593577 /* PBXTargetDependency */ = {
			isa = PBXTargetDependency;
			target = 559FAC802DA9CD4900593577 /* SpamCallDirectoryExtension */;
			targetProxy = 559FAC862DA9CD4900593577 /* PBXContainerItemProxy */;
		};
/* End PBXTargetDependency section */

/* Begin XCBuildConfiguration section */
		559FAC622DA9C43800593577 /* Debug */ = {
			isa = XCBuildConfiguration;
			buildSettings = {
				ALWAYS_SEARCH_USER_PATHS = NO;
				ASSETCATALOG_COMPILER_GENERATE_SWIFT_ASSET_SYMBOL_EXTENSIONS = YES;
				CLANG_ANALYZER_NONNULL = YES;
				CLANG_ANALYZER_NUMBER_OBJECT_CONVERSION = YES_AGGRESSIVE;
				CLANG_CXX_LANGUAGE_STANDARD = "gnu++20";
				CLANG_ENABLE_MODULES = YES;
				CLANG_ENABLE_OBJC_ARC = YES;
				CLANG_ENABLE_OBJC_WEAK = YES;
				CLANG_WARN_BLOCK_CAPTURE_AUTORELEASING = YES;
				CLANG_WARN_BOOL_CONVERSION = YES;
				CLANG_WARN_COMMA = YES;
				CLANG_WARN_CONSTANT_CONVERSION = YES;
				CLANG_WARN_DEPRECATED_OBJC_IMPLEMENTATIONS = YES;
				CLANG_WARN_DIRECT_OBJC_ISA_USAGE = YES_ERROR;
				CLANG_WARN_DOCUMENTATION_COMMENTS = YES;
				CLANG_WARN_EMPTY_BODY = YES;
				CLANG_WARN_ENUM_CONVERSION = YES;
				CLANG_WARN_INFINITE_RECURSION = YES;
				CLANG_WARN_INT_CONVERSION = YES;
				CLANG_WARN_NON_LITERAL_NULL_CONVERSION = YES;
				CLANG_WARN_OBJC_IMPLICIT_RETAIN_SELF = YES;
				CLANG_WARN_OBJC_LITERAL_CONVERSION = YES;
				CLANG_WARN_OBJC_ROOT_CLASS = YES_ERROR;
				CLANG_WARN_QUOTED_INCLUDE_IN_FRAMEWORK_HEADER = YES;
				CLANG_WARN_RANGE_LOOP_ANALYSIS = YES;
				CLANG_WARN_STRICT_PROTOTYPES = YES;
				CLANG_WARN_SUSPICIOUS_MOVE = YES;
				CLANG_WARN_UNGUARDED_AVAILABILITY = YES_AGGRESSIVE;
				CLANG_WARN_UNREACHABLE_CODE = YES;
				CLANG_WARN__DUPLICATE_METHOD_MATCH = YES;
				COPY_PHASE_STRIP = NO;
				DEBUG_INFORMATION_FORMAT = dwarf;
				ENABLE_STRICT_OBJC_MSGSEND = YES;
				ENABLE_TESTABILITY = YES;
				ENABLE_USER_SCRIPT_SANDBOXING = YES;
				GCC_C_LANGUAGE_STANDARD = gnu17;
				GCC_DYNAMIC_NO_PIC = NO;
				GCC_NO_COMMON_BLOCKS = YES;
				GCC_OPTIMIZATION_LEVEL = 0;
				GCC_PREPROCESSOR_DEFINITIONS = (
					"DEBUG=1",
					"$(inherited)",
				);
				GCC_WARN_64_TO_32_BIT_CONVERSION = YES;
				GCC_WARN_ABOUT_RETURN_TYPE = YES_ERROR;
				GCC_WARN_UNDECLARED_SELECTOR = YES;
				GCC_WARN_UNINITIALIZED_AUTOS = YES_AGGRESSIVE;
				GCC_WARN_UNUSED_FUNCTION = YES;
				GCC_WARN_UNUSED_VARIABLE = YES;
				IPHONEOS_DEPLOYMENT_TARGET = 18.0;
				LOCALIZATION_PREFERS_STRING_CATALOGS = YES;
				MTL_ENABLE_DEBUG_INFO = INCLUDE_SOURCE;
				MTL_FAST_MATH = YES;
				ONLY_ACTIVE_ARCH = YES;
				SDKROOT = iphoneos;
				SWIFT_ACTIVE_COMPILATION_CONDITIONS = "DEBUG $(inherited)";
				SWIFT_OPTIMIZATION_LEVEL = "-Onone";
			};
			name = Debug;
		};
		559FAC632DA9C43800593577 /* Release */ = {
			isa = XCBuildConfiguration;
			buildSettings = {
				ALWAYS_SEARCH_USER_PATHS = NO;
				ASSETCATALOG_COMPILER_GENERATE_SWIFT_ASSET_SYMBOL_EXTENSIONS = YES;
				CLANG_ANALYZER_NONNULL = YES;
				CLANG_ANALYZER_NUMBER_OBJECT_CONVERSION = YES_AGGRESSIVE;
				CLANG_CXX_LANGUAGE_STANDARD = "gnu++20";
				CLANG_ENABLE_MODULES = YES;
				CLANG_ENABLE_OBJC_ARC = YES;
				CLANG_ENABLE_OBJC_WEAK = YES;
				CLANG_WARN_BLOCK_CAPTURE_AUTORELEASING = YES;
				CLANG_WARN_BOOL_CONVERSION = YES;
				CLANG_WARN_COMMA = YES;
				CLANG_WARN_CONSTANT_CONVERSION = YES;
				CLANG_WARN_DEPRECATED_OBJC_IMPLEMENTATIONS = YES;
				CLANG_WARN_DIRECT_OBJC_ISA_USAGE = YES_ERROR;
				CLANG_WARN_DOCUMENTATION_COMMENTS = YES;
				CLANG_WARN_EMPTY_BODY = YES;
				CLANG_WARN_ENUM_CONVERSION = YES;
				CLANG_WARN_INFINITE_RECURSION = YES;
				CLANG_WARN_INT_CONVERSION = YES;
				CLANG_WARN_NON_LITERAL_NULL_CONVERSION = YES;
				CLANG_WARN_OBJC_IMPLICIT_RETAIN_SELF = YES;
				CLANG_WARN_OBJC_LITERAL_CONVERSION = YES;
				CLANG_WARN_OBJC_ROOT_CLASS = YES_ERROR;
				CLANG_WARN_QUOTED_INCLUDE_IN_FRAMEWORK_HEADER = YES;
				CLANG_WARN_RANGE_LOOP_ANALYSIS = YES;
				CLANG_WARN_STRICT_PROTOTYPES = YES;
				CLANG_WARN_SUSPICIOUS_MOVE = YES;
				CLANG_WARN_UNGUARDED_AVAILABILITY = YES_AGGRESSIVE;
				CLANG_WARN_UNREACHABLE_CODE = YES;
				CLANG_WARN__DUPLICATE_METHOD_MATCH = YES;
				COPY_PHASE_STRIP = NO;
				DEBUG_INFORMATION_FORMAT = "dwarf-with-dsym";
				ENABLE_NS_ASSERTIONS = NO;
				ENABLE_STRICT_OBJC_MSGSEND = YES;
				ENABLE_USER_SCRIPT_SANDBOXING = YES;
				GCC_C_LANGUAGE_STANDARD = gnu17;
				GCC_NO_COMMON_BLOCKS = YES;
				GCC_WARN_64_TO_32_BIT_CONVERSION = YES;
				GCC_WARN_ABOUT_RETURN_TYPE = YES_ERROR;
				GCC_WARN_UNDECLARED_SELECTOR = YES;
				GCC_WARN_UNINITIALIZED_AUTOS = YES_AGGRESSIVE;
				GCC_WARN_UNUSED_FUNCTION = YES;
				GCC_WARN_UNUSED_VARIABLE = YES;
				IPHONEOS_DEPLOYMENT_TARGET = 18.0;
				LOCALIZATION_PREFERS_STRING_CATALOGS = YES;
				MTL_ENABLE_DEBUG_INFO = NO;
				MTL_FAST_MATH = YES;
				SDKROOT = iphoneos;
				SWIFT_COMPILATION_MODE = wholemodule;
				VALIDATE_PRODUCT = YES;
			};
			name = Release;
		};
		559FAC652DA9C43800593577 /* Debug */ = {
			isa = XCBuildConfiguration;
			buildSettings = {
				ASSETCATALOG_COMPILER_APPICON_NAME = AppIcon;
				ASSETCATALOG_COMPILER_GLOBAL_ACCENT_COLOR_NAME = AccentColor;
				CODE_SIGN_ENTITLEMENTS = NoSpamCall/NoSpamCall.entitlements;
				CODE_SIGN_STYLE = Automatic;
				CURRENT_PROJECT_VERSION = 1;
				DEVELOPMENT_ASSET_PATHS = "\"NoSpamCall/Preview Content\"";
				DEVELOPMENT_TEAM = 9Z5Z8V3HWD;
				ENABLE_PREVIEWS = YES;
				GENERATE_INFOPLIST_FILE = YES;
				INFOPLIST_KEY_UIApplicationSceneManifest_Generation = YES;
				INFOPLIST_KEY_UIApplicationSupportsIndirectInputEvents = YES;
				INFOPLIST_KEY_UILaunchScreen_Generation = YES;
				INFOPLIST_KEY_UISupportedInterfaceOrientations_iPad = "UIInterfaceOrientationPortrait UIInterfaceOrientationPortraitUpsideDown UIInterfaceOrientationLandscapeLeft UIInterfaceOrientationLandscapeRight";
				INFOPLIST_KEY_UISupportedInterfaceOrientations_iPhone = "UIInterfaceOrientationPortrait UIInterfaceOrientationLandscapeLeft UIInterfaceOrientationLandscapeRight";
				LD_RUNPATH_SEARCH_PATHS = (
					"$(inherited)",
					"@executable_path/Frameworks",
				);
				MARKETING_VERSION = 1.0;
				PRODUCT_BUNDLE_IDENTIFIER = dev.shwang.app.NoSpamCall;
				PRODUCT_NAME = "$(TARGET_NAME)";
				SWIFT_EMIT_LOC_STRINGS = YES;
				SWIFT_VERSION = 5.0;
				TARGETED_DEVICE_FAMILY = "1,2";
			};
			name = Debug;
		};
		559FAC662DA9C43800593577 /* Release */ = {
			isa = XCBuildConfiguration;
			buildSettings = {
				ASSETCATALOG_COMPILER_APPICON_NAME = AppIcon;
				ASSETCATALOG_COMPILER_GLOBAL_ACCENT_COLOR_NAME = AccentColor;
				CODE_SIGN_ENTITLEMENTS = NoSpamCall/NoSpamCall.entitlements;
				CODE_SIGN_STYLE = Automatic;
				CURRENT_PROJECT_VERSION = 1;
				DEVELOPMENT_ASSET_PATHS = "\"NoSpamCall/Preview Content\"";
				DEVELOPMENT_TEAM = 9Z5Z8V3HWD;
				ENABLE_PREVIEWS = YES;
				GENERATE_INFOPLIST_FILE = YES;
				INFOPLIST_KEY_UIApplicationSceneManifest_Generation = YES;
				INFOPLIST_KEY_UIApplicationSupportsIndirectInputEvents = YES;
				INFOPLIST_KEY_UILaunchScreen_Generation = YES;
				INFOPLIST_KEY_UISupportedInterfaceOrientations_iPad = "UIInterfaceOrientationPortrait UIInterfaceOrientationPortraitUpsideDown UIInterfaceOrientationLandscapeLeft UIInterfaceOrientationLandscapeRight";
				INFOPLIST_KEY_UISupportedInterfaceOrientations_iPhone = "UIInterfaceOrientationPortrait UIInterfaceOrientationLandscapeLeft UIInterfaceOrientationLandscapeRight";
				LD_RUNPATH_SEARCH_PATHS = (
					"$(inherited)",
					"@executable_path/Frameworks",
				);
				MARKETING_VERSION = 1.0;
				PRODUCT_BUNDLE_IDENTIFIER = dev.shwang.app.NoSpamCall;
				PRODUCT_NAME = "$(TARGET_NAME)";
				SWIFT_EMIT_LOC_STRINGS = YES;
				SWIFT_VERSION = 5.0;
				TARGETED_DEVICE_FAMILY = "1,2";
			};
			name = Release;
		};
		559FAC682DA9C43800593577 /* Debug */ = {
			isa = XCBuildConfiguration;
			buildSettings = {
				BUNDLE_LOADER = "$(TEST_HOST)";
				CODE_SIGN_STYLE = Automatic;
				CURRENT_PROJECT_VERSION = 1;
				DEVELOPMENT_TEAM = 9Z5Z8V3HWD;
				GENERATE_INFOPLIST_FILE = YES;
				IPHONEOS_DEPLOYMENT_TARGET = 18.0;
				MARKETING_VERSION = 1.0;
				PRODUCT_BUNDLE_IDENTIFIER = dev.shwang.app.NoSpamCallTests;
				PRODUCT_NAME = "$(TARGET_NAME)";
				SWIFT_EMIT_LOC_STRINGS = NO;
				SWIFT_VERSION = 5.0;
				TARGETED_DEVICE_FAMILY = "1,2";
				TEST_HOST = "$(BUILT_PRODUCTS_DIR)/NoSpamCall.app/$(BUNDLE_EXECUTABLE_FOLDER_PATH)/NoSpamCall";
			};
			name = Debug;
		};
		559FAC692DA9C43800593577 /* Release */ = {
			isa = XCBuildConfiguration;
			buildSettings = {
				BUNDLE_LOADER = "$(TEST_HOST)";
				CODE_SIGN_STYLE = Automatic;
				CURRENT_PROJECT_VERSION = 1;
				DEVELOPMENT_TEAM = 9Z5Z8V3HWD;
				GENERATE_INFOPLIST_FILE = YES;
				IPHONEOS_DEPLOYMENT_TARGET = 18.0;
				MARKETING_VERSION = 1.0;
				PRODUCT_BUNDLE_IDENTIFIER = dev.shwang.app.NoSpamCallTests;
				PRODUCT_NAME = "$(TARGET_NAME)";
				SWIFT_EMIT_LOC_STRINGS = NO;
				SWIFT_VERSION = 5.0;
				TARGETED_DEVICE_FAMILY = "1,2";
				TEST_HOST = "$(BUILT_PRODUCTS_DIR)/NoSpamCall.app/$(BUNDLE_EXECUTABLE_FOLDER_PATH)/NoSpamCall";
			};
			name = Release;
		};
		559FAC6B2DA9C43800593577 /* Debug */ = {
			isa = XCBuildConfiguration;
			buildSettings = {
				CODE_SIGN_STYLE = Automatic;
				CURRENT_PROJECT_VERSION = 1;
				DEVELOPMENT_TEAM = 9Z5Z8V3HWD;
				GENERATE_INFOPLIST_FILE = YES;
				MARKETING_VERSION = 1.0;
				PRODUCT_BUNDLE_IDENTIFIER = dev.shwang.app.NoSpamCallUITests;
				PRODUCT_NAME = "$(TARGET_NAME)";
				SWIFT_EMIT_LOC_STRINGS = NO;
				SWIFT_VERSION = 5.0;
				TARGETED_DEVICE_FAMILY = "1,2";
				TEST_TARGET_NAME = NoSpamCall;
			};
			name = Debug;
		};
		559FAC6C2DA9C43800593577 /* Release */ = {
			isa = XCBuildConfiguration;
			buildSettings = {
				CODE_SIGN_STYLE = Automatic;
				CURRENT_PROJECT_VERSION = 1;
				DEVELOPMENT_TEAM = 9Z5Z8V3HWD;
				GENERATE_INFOPLIST_FILE = YES;
				MARKETING_VERSION = 1.0;
				PRODUCT_BUNDLE_IDENTIFIER = dev.shwang.app.NoSpamCallUITests;
				PRODUCT_NAME = "$(TARGET_NAME)";
				SWIFT_EMIT_LOC_STRINGS = NO;
				SWIFT_VERSION = 5.0;
				TARGETED_DEVICE_FAMILY = "1,2";
				TEST_TARGET_NAME = NoSpamCall;
			};
			name = Release;
		};
		559FAC8A2DA9CD4900593577 /* Debug */ = {
			isa = XCBuildConfiguration;
			buildSettings = {
				ARCHS = "$(ARCHS_STANDARD_64_BIT)";
				CODE_SIGN_ENTITLEMENTS = SpamCallDirectoryExtension/SpamCallDirectoryExtension.entitlements;
				CODE_SIGN_STYLE = Automatic;
				CURRENT_PROJECT_VERSION = 1;
				DEVELOPMENT_TEAM = 9Z5Z8V3HWD;
				GENERATE_INFOPLIST_FILE = YES;
				INFOPLIST_FILE = SpamCallDirectoryExtension/Info.plist;
				INFOPLIST_KEY_CFBundleDisplayName = SpamCallDirectoryExtension;
				INFOPLIST_KEY_NSHumanReadableCopyright = "";
				LD_RUNPATH_SEARCH_PATHS = (
					"$(inherited)",
					"@executable_path/Frameworks",
					"@executable_path/../../Frameworks",
				);
				MARKETING_VERSION = 1.0;
				PRODUCT_BUNDLE_IDENTIFIER = dev.shwang.app.NoSpamCall.SpamCallDirectoryExtension;
				PRODUCT_NAME = "$(TARGET_NAME)";
				SKIP_INSTALL = YES;
				SWIFT_EMIT_LOC_STRINGS = YES;
				SWIFT_VERSION = 5.0;
				TARGETED_DEVICE_FAMILY = "1,2";
			};
			name = Debug;
		};
		559FAC8B2DA9CD4900593577 /* Release */ = {
			isa = XCBuildConfiguration;
			buildSettings = {
				ARCHS = "$(ARCHS_STANDARD_64_BIT)";
				CODE_SIGN_ENTITLEMENTS = SpamCallDirectoryExtension/SpamCallDirectoryExtension.entitlements;
				CODE_SIGN_STYLE = Automatic;
				CURRENT_PROJECT_VERSION = 1;
				DEVELOPMENT_TEAM = 9Z5Z8V3HWD;
				GENERATE_INFOPLIST_FILE = YES;
				INFOPLIST_FILE = SpamCallDirectoryExtension/Info.plist;
				INFOPLIST_KEY_CFBundleDisplayName = SpamCallDirectoryExtension;
				INFOPLIST_KEY_NSHumanReadableCopyright = "";
				LD_RUNPATH_SEARCH_PATHS = (
					"$(inherited)",
					"@executable_path/Frameworks",
					"@executable_path/../../Frameworks",
				);
				MARKETING_VERSION = 1.0;
				PRODUCT_BUNDLE_IDENTIFIER = dev.shwang.app.NoSpamCall.SpamCallDirectoryExtension;
				PRODUCT_NAME = "$(TARGET_NAME)";
				SKIP_INSTALL = YES;
				SWIFT_EMIT_LOC_STRINGS = YES;
				SWIFT_VERSION = 5.0;
				TARGETED_DEVICE_FAMILY = "1,2";
			};
			name = Release;
		};
/* End XCBuildConfiguration section */

/* Begin XCConfigurationList section */
		559FAC3B2DA9C43700593577 /* Build configuration list for PBXProject "NoSpamCall" */ = {
			isa = XCConfigurationList;
			buildConfigurations = (
				559FAC622DA9C43800593577 /* Debug */,
				559FAC632DA9C43800593577 /* Release */,
			);
			defaultConfigurationIsVisible = 0;
			defaultConfigurationName = Release;
		};
		559FAC642DA9C43800593577 /* Build configuration list for PBXNativeTarget "NoSpamCall" */ = {
			isa = XCConfigurationList;
			buildConfigurations = (
				559FAC652DA9C43800593577 /* Debug */,
				559FAC662DA9C43800593577 /* Release */,
			);
			defaultConfigurationIsVisible = 0;
			defaultConfigurationName = Release;
		};
		559FAC672DA9C43800593577 /* Build configuration list for PBXNativeTarget "NoSpamCallTests" */ = {
			isa = XCConfigurationList;
			buildConfigurations = (
				559FAC682DA9C43800593577 /* Debug */,
				559FAC692DA9C43800593577 /* Release */,
			);
			defaultConfigurationIsVisible = 0;
			defaultConfigurationName = Release;
		};
		559FAC6A2DA9C43800593577 /* Build configuration list for PBXNativeTarget "NoSpamCallUITests" */ = {
			isa = XCConfigurationList;
			buildConfigurations = (
				559FAC6B2DA9C43800593577 /* Debug */,
				559FAC6C2DA9C43800593577 /* Release */,
			);
			defaultConfigurationIsVisible = 0;
			defaultConfigurationName = Release;
		};
		559FAC8D2DA9CD4900593577 /* Build configuration list for PBXNativeTarget "SpamCallDirectoryExtension" */ = {
			isa = XCConfigurationList;
			buildConfigurations = (
				559FAC8A2DA9CD4900593577 /* Debug */,
				559FAC8B2DA9CD4900593577 /* Release */,
			);
			defaultConfigurationIsVisible = 0;
			defaultConfigurationName = Release;
		};
/* End XCConfigurationList section */
	};
	rootObject = 559FAC382DA9C43700593577 /* Project object */;
}
